// !$*UTF8*$!
{
	archiveVersion = 1;
	classes = {
	};
	objectVersion = 56;
	objects = {

/* Begin PBXBuildFile section */
		08AF4D452B5BC255000939CA /* AddFoodView.swift in Sources */ = {isa = PBXBuildFile; fileRef = 08AF4D442B5BC255000939CA /* AddFoodView.swift */; };
		08B634892B5A6D420031EE89 /* TrackingCaloriesApp.swift in Sources */ = {isa = PBXBuildFile; fileRef = 08B634882B5A6D420031EE89 /* TrackingCaloriesApp.swift */; };
		08B6348B2B5A6D420031EE89 /* ContentView.swift in Sources */ = {isa = PBXBuildFile; fileRef = 08B6348A2B5A6D420031EE89 /* ContentView.swift */; };
		08B6348D2B5A6D460031EE89 /* Assets.xcassets in Resources */ = {isa = PBXBuildFile; fileRef = 08B6348C2B5A6D460031EE89 /* Assets.xcassets */; };
		08B634902B5A6D460031EE89 /* Preview Assets.xcassets in Resources */ = {isa = PBXBuildFile; fileRef = 08B6348F2B5A6D460031EE89 /* Preview Assets.xcassets */; };
		08DCCF692B5BDF1B00645C96 /* FoodsModel.swift in Sources */ = {isa = PBXBuildFile; fileRef = 08DCCF682B5BDF1B00645C96 /* FoodsModel.swift */; };
/* End PBXBuildFile section */

/* Begin PBXFileReference section */
		08AF4D442B5BC255000939CA /* AddFoodView.swift */ = {isa = PBXFileReference; lastKnownFileType = sourcecode.swift; path = AddFoodView.swift; sourceTree = "<group>"; };
		08B634852B5A6D420031EE89 /* TrackingCalories.app */ = {isa = PBXFileReference; explicitFileType = wrapper.application; includeInIndex = 0; path = TrackingCalories.app; sourceTree = BUILT_PRODUCTS_DIR; };
		08B634882B5A6D420031EE89 /* TrackingCaloriesApp.swift */ = {isa = PBXFileReference; lastKnownFileType = sourcecode.swift; path = TrackingCaloriesApp.swift; sourceTree = "<group>"; };
		08B6348A2B5A6D420031EE89 /* ContentView.swift */ = {isa = PBXFileReference; lastKnownFileType = sourcecode.swift; path = ContentView.swift; sourceTree = "<group>"; };
		08B6348C2B5A6D460031EE89 /* Assets.xcassets */ = {isa = PBXFileReference; lastKnownFileType = folder.assetcatalog; path = Assets.xcassets; sourceTree = "<group>"; };
		08B6348F2B5A6D460031EE89 /* Preview Assets.xcassets */ = {isa = PBXFileReference; lastKnownFileType = folder.assetcatalog; path = "Preview Assets.xcassets"; sourceTree = "<group>"; };
		08DCCF682B5BDF1B00645C96 /* FoodsModel.swift */ = {isa = PBXFileReference; lastKnownFileType = sourcecode.swift; path = FoodsModel.swift; sourceTree = "<group>"; };
/* End PBXFileReference section */

/* Begin PBXFrameworksBuildPhase section */
		08B634822B5A6D420031EE89 /* Frameworks */ = {
			isa = PBXFrameworksBuildPhase;
			buildActionMask = 2147483647;
			files = (
			);
			runOnlyForDeploymentPostprocessing = 0;
		};
/* End PBXFrameworksBuildPhase section */

/* Begin PBXGroup section */
		08AF4D412B5BC21F000939CA /* Model */ = {
			isa = PBXGroup;
			children = (
				08DCCF682B5BDF1B00645C96 /* FoodsModel.swift */,
			);
			path = Model;
			sourceTree = "<group>";
		};
		08AF4D422B5BC226000939CA /* View */ = {
			isa = PBXGroup;
			children = (
				08AF4D442B5BC255000939CA /* AddFoodView.swift */,
			);
			path = View;
			sourceTree = "<group>";
		};
		08AF4D432B5BC22B000939CA /* ViewModel */ = {
			isa = PBXGroup;
			children = (
			);
			path = ViewModel;
			sourceTree = "<group>";
		};
		08B6347C2B5A6D420031EE89 = {
			isa = PBXGroup;
			children = (
				08B634872B5A6D420031EE89 /* TrackingCalories */,
				08B634862B5A6D420031EE89 /* Products */,
			);
			sourceTree = "<group>";
		};
		08B634862B5A6D420031EE89 /* Products */ = {
			isa = PBXGroup;
			children = (
				08B634852B5A6D420031EE89 /* TrackingCalories.app */,
			);
			name = Products;
			sourceTree = "<group>";
		};
		08B634872B5A6D420031EE89 /* TrackingCalories */ = {
			isa = PBXGroup;
			children = (
				08AF4D432B5BC22B000939CA /* ViewModel */,
				08AF4D422B5BC226000939CA /* View */,
				08AF4D412B5BC21F000939CA /* Model */,
				08B634882B5A6D420031EE89 /* TrackingCaloriesApp.swift */,
				08B6348A2B5A6D420031EE89 /* ContentView.swift */,
				08B6348C2B5A6D460031EE89 /* Assets.xcassets */,
				08B6348E2B5A6D460031EE89 /* Preview Content */,
			);
			path = TrackingCalories;
			sourceTree = "<group>";
		};
		08B6348E2B5A6D460031EE89 /* Preview Content */ = {
			isa = PBXGroup;
			children = (
				08B6348F2B5A6D460031EE89 /* Preview Assets.xcassets */,
			);
			path = "Preview Content";
			sourceTree = "<group>";
		};
/* End PBXGroup section */

/* Begin PBXNativeTarget section */
		08B634842B5A6D420031EE89 /* TrackingCalories */ = {
			isa = PBXNativeTarget;
			buildConfigurationList = 08B634932B5A6D460031EE89 /* Build configuration list for PBXNativeTarget "TrackingCalories" */;
			buildPhases = (
				08B634812B5A6D420031EE89 /* Sources */,
				08B634822B5A6D420031EE89 /* Frameworks */,
				08B634832B5A6D420031EE89 /* Resources */,
			);
			buildRules = (
			);
			dependencies = (
			);
			name = TrackingCalories;
			productName = TrackingCalories;
			productReference = 08B634852B5A6D420031EE89 /* TrackingCalories.app */;
			productType = "com.apple.product-type.application";
		};
/* End PBXNativeTarget section */

/* Begin PBXProject section */
		08B6347D2B5A6D420031EE89 /* Project object */ = {
			isa = PBXProject;
			attributes = {
				BuildIndependentTargetsInParallel = 1;
				LastSwiftUpdateCheck = 1510;
				LastUpgradeCheck = 1510;
				TargetAttributes = {
					08B634842B5A6D420031EE89 = {
						CreatedOnToolsVersion = 15.1;
					};
				};
			};
			buildConfigurationList = 08B634802B5A6D420031EE89 /* Build configuration list for PBXProject "TrackingCalories" */;
			compatibilityVersion = "Xcode 14.0";
			developmentRegion = en;
			hasScannedForEncodings = 0;
			knownRegions = (
				en,
				Base,
			);
			mainGroup = 08B6347C2B5A6D420031EE89;
			productRefGroup = 08B634862B5A6D420031EE89 /* Products */;
			projectDirPath = "";
			projectRoot = "";
			targets = (
				08B634842B5A6D420031EE89 /* TrackingCalories */,
			);
		};
/* End PBXProject section */

/* Begin PBXResourcesBuildPhase section */
		08B634832B5A6D420031EE89 /* Resources */ = {
			isa = PBXResourcesBuildPhase;
			buildActionMask = 2147483647;
			files = (
				08B634902B5A6D460031EE89 /* Preview Assets.xcassets in Resources */,
				08B6348D2B5A6D460031EE89 /* Assets.xcassets in Resources */,
			);
			runOnlyForDeploymentPostprocessing = 0;
		};
/* End PBXResourcesBuildPhase section */

/* Begin PBXSourcesBuildPhase section */
		08B634812B5A6D420031EE89 /* Sources */ = {
			isa = PBXSourcesBuildPhase;
			buildActionMask = 2147483647;
			files = (
				08B6348B2B5A6D420031EE89 /* ContentView.swift in Sources */,
				08B634892B5A6D420031EE89 /* TrackingCaloriesApp.swift in Sources */,
				08AF4D452B5BC255000939CA /* AddFoodView.swift in Sources */,
				08DCCF692B5BDF1B00645C96 /* FoodsModel.swift in Sources */,
			);
			runOnlyForDeploymentPostprocessing = 0;
		};
/* End PBXSourcesBuildPhase section */

/* Begin XCBuildConfiguration section */
		08B634912B5A6D460031EE89 /* Debug */ = {
			isa = XCBuildConfiguration;
			buildSettings = {
				ALWAYS_SEARCH_USER_PATHS = NO;
				ASSETCATALOG_COMPILER_GENERATE_SWIFT_ASSET_SYMBOL_EXTENSIONS = YES;
				CLANG_ANALYZER_NONNULL = YES;
				CLANG_ANALYZER_NUMBER_OBJECT_CONVERSION = YES_AGGRESSIVE;
				CLANG_CXX_LANGUAGE_STANDARD = "gnu++20";
				CLANG_ENABLE_MODULES = YES;
				CLANG_ENABLE_OBJC_ARC = YES;
				CLANG_ENABLE_OBJC_WEAK = YES;
				CLANG_WARN_BLOCK_CAPTURE_AUTORELEASING = YES;
				CLANG_WARN_BOOL_CONVERSION = YES;
				CLANG_WARN_COMMA = YES;
				CLANG_WARN_CONSTANT_CONVERSION = YES;
				CLANG_WARN_DEPRECATED_OBJC_IMPLEMENTATIONS = YES;
				CLANG_WARN_DIRECT_OBJC_ISA_USAGE = YES_ERROR;
				CLANG_WARN_DOCUMENTATION_COMMENTS = YES;
				CLANG_WARN_EMPTY_BODY = YES;
				CLANG_WARN_ENUM_CONVERSION = YES;
				CLANG_WARN_INFINITE_RECURSION = YES;
				CLANG_WARN_INT_CONVERSION = YES;
				CLANG_WARN_NON_LITERAL_NULL_CONVERSION = YES;
				CLANG_WARN_OBJC_IMPLICIT_RETAIN_SELF = YES;
				CLANG_WARN_OBJC_LITERAL_CONVERSION = YES;
				CLANG_WARN_OBJC_ROOT_CLASS = YES_ERROR;
				CLANG_WARN_QUOTED_INCLUDE_IN_FRAMEWORK_HEADER = YES;
				CLANG_WARN_RANGE_LOOP_ANALYSIS = YES;
				CLANG_WARN_STRICT_PROTOTYPES = YES;
				CLANG_WARN_SUSPICIOUS_MOVE = YES;
				CLANG_WARN_UNGUARDED_AVAILABILITY = YES_AGGRESSIVE;
				CLANG_WARN_UNREACHABLE_CODE = YES;
				CLANG_WARN__DUPLICATE_METHOD_MATCH = YES;
				COPY_PHASE_STRIP = NO;
				DEBUG_INFORMATION_FORMAT = dwarf;
				ENABLE_STRICT_OBJC_MSGSEND = YES;
				ENABLE_TESTABILITY = YES;
				ENABLE_USER_SCRIPT_SANDBOXING = YES;
				GCC_C_LANGUAGE_STANDARD = gnu17;
				GCC_DYNAMIC_NO_PIC = NO;
				GCC_NO_COMMON_BLOCKS = YES;
				GCC_OPTIMIZATION_LEVEL = 0;
				GCC_PREPROCESSOR_DEFINITIONS = (
					"DEBUG=1",
					"$(inherited)",
				);
				GCC_WARN_64_TO_32_BIT_CONVERSION = YES;
				GCC_WARN_ABOUT_RETURN_TYPE = YES_ERROR;
				GCC_WARN_UNDECLARED_SELECTOR = YES;
				GCC_WARN_UNINITIALIZED_AUTOS = YES_AGGRESSIVE;
				GCC_WARN_UNUSED_FUNCTION = YES;
				GCC_WARN_UNUSED_VARIABLE = YES;
				IPHONEOS_DEPLOYMENT_TARGET = 17.2;
				LOCALIZATION_PREFERS_STRING_CATALOGS = YES;
				MTL_ENABLE_DEBUG_INFO = INCLUDE_SOURCE;
				MTL_FAST_MATH = YES;
				ONLY_ACTIVE_ARCH = YES;
				SDKROOT = iphoneos;
				SWIFT_ACTIVE_COMPILATION_CONDITIONS = "DEBUG $(inherited)";
				SWIFT_OPTIMIZATION_LEVEL = "-Onone";
			};
			name = Debug;
		};
		08B634922B5A6D460031EE89 /* Release */ = {
			isa = XCBuildConfiguration;
			buildSettings = {
				ALWAYS_SEARCH_USER_PATHS = NO;
				ASSETCATALOG_COMPILER_GENERATE_SWIFT_ASSET_SYMBOL_EXTENSIONS = YES;
				CLANG_ANALYZER_NONNULL = YES;
				CLANG_ANALYZER_NUMBER_OBJECT_CONVERSION = YES_AGGRESSIVE;
				CLANG_CXX_LANGUAGE_STANDARD = "gnu++20";
				CLANG_ENABLE_MODULES = YES;
				CLANG_ENABLE_OBJC_ARC = YES;
				CLANG_ENABLE_OBJC_WEAK = YES;
				CLANG_WARN_BLOCK_CAPTURE_AUTORELEASING = YES;
				CLANG_WARN_BOOL_CONVERSION = YES;
				CLANG_WARN_COMMA = YES;
				CLANG_WARN_CONSTANT_CONVERSION = YES;
				CLANG_WARN_DEPRECATED_OBJC_IMPLEMENTATIONS = YES;
				CLANG_WARN_DIRECT_OBJC_ISA_USAGE = YES_ERROR;
				CLANG_WARN_DOCUMENTATION_COMMENTS = YES;
				CLANG_WARN_EMPTY_BODY = YES;
				CLANG_WARN_ENUM_CONVERSION = YES;
				CLANG_WARN_INFINITE_RECURSION = YES;
				CLANG_WARN_INT_CONVERSION = YES;
				CLANG_WARN_NON_LITERAL_NULL_CONVERSION = YES;
				CLANG_WARN_OBJC_IMPLICIT_RETAIN_SELF = YES;
				CLANG_WARN_OBJC_LITERAL_CONVERSION = YES;
				CLANG_WARN_OBJC_ROOT_CLASS = YES_ERROR;
				CLANG_WARN_QUOTED_INCLUDE_IN_FRAMEWORK_HEADER = YES;
				CLANG_WARN_RANGE_LOOP_ANALYSIS = YES;
				CLANG_WARN_STRICT_PROTOTYPES = YES;
				CLANG_WARN_SUSPICIOUS_MOVE = YES;
				CLANG_WARN_UNGUARDED_AVAILABILITY = YES_AGGRESSIVE;
				CLANG_WARN_UNREACHABLE_CODE = YES;
				CLANG_WARN__DUPLICATE_METHOD_MATCH = YES;
				COPY_PHASE_STRIP = NO;
				DEBUG_INFORMATION_FORMAT = "dwarf-with-dsym";
				ENABLE_NS_ASSERTIONS = NO;
				ENABLE_STRICT_OBJC_MSGSEND = YES;
				ENABLE_USER_SCRIPT_SANDBOXING = YES;
				GCC_C_LANGUAGE_STANDARD = gnu17;
				GCC_NO_COMMON_BLOCKS = YES;
				GCC_WARN_64_TO_32_BIT_CONVERSION = YES;
				GCC_WARN_ABOUT_RETURN_TYPE = YES_ERROR;
				GCC_WARN_UNDECLARED_SELECTOR = YES;
				GCC_WARN_UNINITIALIZED_AUTOS = YES_AGGRESSIVE;
				GCC_WARN_UNUSED_FUNCTION = YES;
				GCC_WARN_UNUSED_VARIABLE = YES;
				IPHONEOS_DEPLOYMENT_TARGET = 17.2;
				LOCALIZATION_PREFERS_STRING_CATALOGS = YES;
				MTL_ENABLE_DEBUG_INFO = NO;
				MTL_FAST_MATH = YES;
				SDKROOT = iphoneos;
				SWIFT_COMPILATION_MODE = wholemodule;
				VALIDATE_PRODUCT = YES;
			};
			name = Release;
		};
		08B634942B5A6D460031EE89 /* Debug */ = {
			isa = XCBuildConfiguration;
			buildSettings = {
				ASSETCATALOG_COMPILER_APPICON_NAME = AppIcon;
				ASSETCATALOG_COMPILER_GLOBAL_ACCENT_COLOR_NAME = AccentColor;
				CODE_SIGN_STYLE = Automatic;
				CURRENT_PROJECT_VERSION = 1;
				DEVELOPMENT_ASSET_PATHS = "\"TrackingCalories/Preview Content\"";
				DEVELOPMENT_TEAM = P8794RMH4C;
				ENABLE_PREVIEWS = YES;
				GENERATE_INFOPLIST_FILE = YES;
				INFOPLIST_KEY_UIApplicationSceneManifest_Generation = YES;
				INFOPLIST_KEY_UIApplicationSupportsIndirectInputEvents = YES;
				INFOPLIST_KEY_UILaunchScreen_Generation = YES;
				INFOPLIST_KEY_UISupportedInterfaceOrientations_iPad = "UIInterfaceOrientationPortrait UIInterfaceOrientationPortraitUpsideDown UIInterfaceOrientationLandscapeLeft UIInterfaceOrientationLandscapeRight";
				INFOPLIST_KEY_UISupportedInterfaceOrientations_iPhone = "UIInterfaceOrientationPortrait UIInterfaceOrientationLandscapeLeft UIInterfaceOrientationLandscapeRight";
				LD_RUNPATH_SEARCH_PATHS = (
					"$(inherited)",
					"@executable_path/Frameworks",
				);
				MARKETING_VERSION = 1.0;
				PRODUCT_BUNDLE_IDENTIFIER = com.pututyb.TrackingCalories;
				PRODUCT_NAME = "$(TARGET_NAME)";
				SWIFT_EMIT_LOC_STRINGS = YES;
				SWIFT_VERSION = 5.0;
				TARGETED_DEVICE_FAMILY = "1,2";
			};
			name = Debug;
		};
		08B634952B5A6D460031EE89 /* Release */ = {
			isa = XCBuildConfiguration;
			buildSettings = {
				ASSETCATALOG_COMPILER_APPICON_NAME = AppIcon;
				ASSETCATALOG_COMPILER_GLOBAL_ACCENT_COLOR_NAME = AccentColor;
				CODE_SIGN_STYLE = Automatic;
				CURRENT_PROJECT_VERSION = 1;
				DEVELOPMENT_ASSET_PATHS = "\"TrackingCalories/Preview Content\"";
				DEVELOPMENT_TEAM = P8794RMH4C;
				ENABLE_PREVIEWS = YES;
				GENERATE_INFOPLIST_FILE = YES;
				INFOPLIST_KEY_UIApplicationSceneManifest_Generation = YES;
				INFOPLIST_KEY_UIApplicationSupportsIndirectInputEvents = YES;
				INFOPLIST_KEY_UILaunchScreen_Generation = YES;
				INFOPLIST_KEY_UISupportedInterfaceOrientations_iPad = "UIInterfaceOrientationPortrait UIInterfaceOrientationPortraitUpsideDown UIInterfaceOrientationLandscapeLeft UIInterfaceOrientationLandscapeRight";
				INFOPLIST_KEY_UISupportedInterfaceOrientations_iPhone = "UIInterfaceOrientationPortrait UIInterfaceOrientationLandscapeLeft UIInterfaceOrientationLandscapeRight";
				LD_RUNPATH_SEARCH_PATHS = (
					"$(inherited)",
					"@executable_path/Frameworks",
				);
				MARKETING_VERSION = 1.0;
				PRODUCT_BUNDLE_IDENTIFIER = com.pututyb.TrackingCalories;
				PRODUCT_NAME = "$(TARGET_NAME)";
				SWIFT_EMIT_LOC_STRINGS = YES;
				SWIFT_VERSION = 5.0;
				TARGETED_DEVICE_FAMILY = "1,2";
			};
			name = Release;
		};
/* End XCBuildConfiguration section */

/* Begin XCConfigurationList section */
		08B634802B5A6D420031EE89 /* Build configuration list for PBXProject "TrackingCalories" */ = {
			isa = XCConfigurationList;
			buildConfigurations = (
				08B634912B5A6D460031EE89 /* Debug */,
				08B634922B5A6D460031EE89 /* Release */,
			);
			defaultConfigurationIsVisible = 0;
			defaultConfigurationName = Release;
		};
		08B634932B5A6D460031EE89 /* Build configuration list for PBXNativeTarget "TrackingCalories" */ = {
			isa = XCConfigurationList;
			buildConfigurations = (
				08B634942B5A6D460031EE89 /* Debug */,
				08B634952B5A6D460031EE89 /* Release */,
			);
			defaultConfigurationIsVisible = 0;
			defaultConfigurationName = Release;
		};
/* End XCConfigurationList section */
	};
	rootObject = 08B6347D2B5A6D420031EE89 /* Project object */;
}
